
Microsoft Visual Studio Solution File, Format Version 12.00
# Visual Studio Version 17
VisualStudioVersion = 17.2.32519.379
MinimumVisualStudioVersion = 10.0.40219.1
Project("{FAE04EC0-301F-11D3-BF4B-00C04F79EFBC}") = "StackUsingLinkedList", "StackUsingLinkedList\StackUsingLinkedList.csproj", "{3F5695E7-463D-4718-9AB6-160B50E15E71}"
EndProject
Global
	GlobalSection(SolutionConfigurationPlatforms) = preSolution
		Debug|Any CPU = Debug|Any CPU
		Release|Any CPU = Release|Any CPU
	EndGlobalSection
	GlobalSection(ProjectConfigurationPlatforms) = postSolution
		{3F5695E7-463D-4718-9AB6-160B50E15E71}.Debug|Any CPU.ActiveCfg = Debug|Any CPU
		{3F5695E7-463D-4718-9AB6-160B50E15E71}.Debug|Any CPU.Build.0 = Debug|Any CPU
		{3F5695E7-463D-4718-9AB6-160B50E15E71}.Release|Any CPU.ActiveCfg = Release|Any CPU
		{3F5695E7-463D-4718-9AB6-160B50E15E71}.Release|Any CPU.Build.0 = Release|Any CPU
	EndGlobalSection
	GlobalSection(SolutionProperties) = preSolution
		HideSolutionNode = FALSE
	EndGlobalSection
	GlobalSection(ExtensibilityGlobals) = postSolution
		SolutionGuid = {483FAC60-9939-44D8-BF1B-C69FABFEA7A8}
	EndGlobalSection
EndGlobal
